Microsoft Visual Studio Solution File, Format Version 12.00
# Visual Studio Version 17
VisualStudioVersion = 17.5.2.0
MinimumVisualStudioVersion = 10.0.40219.1
Project("{FAE04EC0-301F-11D3-BF4B-00C04F79EFBC}") = "AuthService", "AuthService\AuthService.csproj", "{6CDAB7B3-DE4F-6FF5-06F0-D824F083F1AF}"
EndProject
Project("{FAE04EC0-301F-11D3-BF4B-00C04F79EFBC}") = "Common", "Common\Common.csproj", "{E15E491A-E872-91D8-DF7A-CA59C792F064}"
EndProject
Project("{2150E333-8FDC-42A3-9474-1A3956D46DE8}") = "Aspire", "Aspire", "{64880D93-BAB4-FF83-898C-B934B68C31A9}"
EndProject
Project("{FAE04EC0-301F-11D3-BF4B-00C04F79EFBC}") = "Aspire.Apphost", "Aspire\Aspire.Apphost\Aspire.Apphost.csproj", "{CE67029D-6E33-CB30-4B69-598BDBA178D8}"
EndProject
Project("{FAE04EC0-301F-11D3-BF4B-00C04F79EFBC}") = "Aspire.ServiceDefaults", "Aspire\Aspire.ServiceDefaults\Aspire.ServiceDefaults.csproj", "{10F69914-B69B-C6B5-0E1C-F5B0D8A7D603}"
EndProject
Global
	GlobalSection(SolutionConfigurationPlatforms) = preSolution
		Debug|Any CPU = Debug|Any CPU
		Release|Any CPU = Release|Any CPU
	EndGlobalSection
	GlobalSection(ProjectConfigurationPlatforms) = postSolution
		{6CDAB7B3-DE4F-6FF5-06F0-D824F083F1AF}.Debug|Any CPU.ActiveCfg = Debug|Any CPU
		{6CDAB7B3-DE4F-6FF5-06F0-D824F083F1AF}.Debug|Any CPU.Build.0 = Debug|Any CPU
		{6CDAB7B3-DE4F-6FF5-06F0-D824F083F1AF}.Release|Any CPU.ActiveCfg = Release|Any CPU
		{6CDAB7B3-DE4F-6FF5-06F0-D824F083F1AF}.Release|Any CPU.Build.0 = Release|Any CPU
		{E15E491A-E872-91D8-DF7A-CA59C792F064}.Debug|Any CPU.ActiveCfg = Debug|Any CPU
		{E15E491A-E872-91D8-DF7A-CA59C792F064}.Debug|Any CPU.Build.0 = Debug|Any CPU
		{E15E491A-E872-91D8-DF7A-CA59C792F064}.Release|Any CPU.ActiveCfg = Release|Any CPU
		{E15E491A-E872-91D8-DF7A-CA59C792F064}.Release|Any CPU.Build.0 = Release|Any CPU
		{CE67029D-6E33-CB30-4B69-598BDBA178D8}.Debug|Any CPU.ActiveCfg = Debug|Any CPU
		{CE67029D-6E33-CB30-4B69-598BDBA178D8}.Debug|Any CPU.Build.0 = Debug|Any CPU
		{CE67029D-6E33-CB30-4B69-598BDBA178D8}.Release|Any CPU.ActiveCfg = Release|Any CPU
		{CE67029D-6E33-CB30-4B69-598BDBA178D8}.Release|Any CPU.Build.0 = Release|Any CPU
		{10F69914-B69B-C6B5-0E1C-F5B0D8A7D603}.Debug|Any CPU.ActiveCfg = Debug|Any CPU
		{10F69914-B69B-C6B5-0E1C-F5B0D8A7D603}.Debug|Any CPU.Build.0 = Debug|Any CPU
		{10F69914-B69B-C6B5-0E1C-F5B0D8A7D603}.Release|Any CPU.ActiveCfg = Release|Any CPU
		{10F69914-B69B-C6B5-0E1C-F5B0D8A7D603}.Release|Any CPU.Build.0 = Release|Any CPU
	EndGlobalSection
	GlobalSection(SolutionProperties) = preSolution
		HideSolutionNode = FALSE
	EndGlobalSection
	GlobalSection(NestedProjects) = preSolution
		{CE67029D-6E33-CB30-4B69-598BDBA178D8} = {64880D93-BAB4-FF83-898C-B934B68C31A9}
		{10F69914-B69B-C6B5-0E1C-F5B0D8A7D603} = {64880D93-BAB4-FF83-898C-B934B68C31A9}
	EndGlobalSection
	GlobalSection(ExtensibilityGlobals) = postSolution
		SolutionGuid = {52548766-187E-43EF-928B-C7C2A6A68EAD}
	EndGlobalSection
EndGlobal
